
Microsoft Visual Studio Solution File, Format Version 11.00
# Visual Studio 2010
Project("{FAE04EC0-301F-11D3-BF4B-00C04F79EFBC}") = "NoMannersManor", "Assembly-CSharp.csproj", "{67FEA52E-AA2E-EF6D-3920-190494F13CF5}"
EndProject
Project("{FAE04EC0-301F-11D3-BF4B-00C04F79EFBC}") = "NoMannersManor", "Assembly-CSharp-Editor.csproj", "{0E586AEE-93E0-B20E-B46A-098A72B45843}"
EndProject
Global
	GlobalSection(SolutionConfigurationPlatforms) = preSolution
		Debug|Any CPU = Debug|Any CPU
		Release|Any CPU = Release|Any CPU
	EndGlobalSection
	GlobalSection(ProjectConfigurationPlatforms) = postSolution
		{67FEA52E-AA2E-EF6D-3920-190494F13CF5}.Debug|Any CPU.ActiveCfg = Debug|Any CPU
		{67FEA52E-AA2E-EF6D-3920-190494F13CF5}.Debug|Any CPU.Build.0 = Debug|Any CPU
		{67FEA52E-AA2E-EF6D-3920-190494F13CF5}.Release|Any CPU.ActiveCfg = Release|Any CPU
		{67FEA52E-AA2E-EF6D-3920-190494F13CF5}.Release|Any CPU.Build.0 = Release|Any CPU
		{0E586AEE-93E0-B20E-B46A-098A72B45843}.Debug|Any CPU.ActiveCfg = Debug|Any CPU
		{0E586AEE-93E0-B20E-B46A-098A72B45843}.Debug|Any CPU.Build.0 = Debug|Any CPU
		{0E586AEE-93E0-B20E-B46A-098A72B45843}.Release|Any CPU.ActiveCfg = Release|Any CPU
		{0E586AEE-93E0-B20E-B46A-098A72B45843}.Release|Any CPU.Build.0 = Release|Any CPU
	EndGlobalSection
	GlobalSection(SolutionProperties) = preSolution
		HideSolutionNode = FALSE
	EndGlobalSection
	GlobalSection(MonoDevelopProperties) = preSolution
		StartupItem = Assembly-CSharp.csproj
	EndGlobalSection
EndGlobal
